
Microsoft Visual Studio Solution File, Format Version 12.00
# Visual Studio Version 18
VisualStudioVersion = 18.0.11012.119 d18.0
MinimumVisualStudioVersion = 10.0.40219.1
Project("{9A19103F-16F7-4668-BE54-9A1E7A4F7556}") = "KinematicsDemo", "KinematicsDemo\KinematicsDemo.csproj", "{F72D2C43-2EC5-4887-8D27-E860A4E7C87C}"
EndProject
Project("{2150E333-8FDC-42A3-9474-1A3956D46DE8}") = "Solution Items", "Solution Items", "{D8BAF7C3-0505-4E5E-8551-434210A1B389}"
	ProjectSection(SolutionItems) = preProject
		.editorconfig = .editorconfig
		README.md = README.md
	EndProjectSection
EndProject
Project("{9A19103F-16F7-4668-BE54-9A1E7A4F7556}") = "KinematicsDemoTests", "KinematicsDemoTests\KinematicsDemoTests.csproj", "{CA0F566D-71DE-4039-82E4-957B1AB0C943}"
EndProject
Project("{9A19103F-16F7-4668-BE54-9A1E7A4F7556}") = "Biosero.TeachPendant.Common", "TeachPendant.Common\Biosero.TeachPendant.Common.csproj", "{1066A59B-D236-48EE-9FFB-95C2872B49E1}"
EndProject
Project("{FAE04EC0-301F-11D3-BF4B-00C04F79EFBC}") = "RobotMcpClient", "RobotMcpClient\RobotMcpClient.csproj", "{B3B98CE5-AD58-4AB4-A687-CD39A368F463}"
EndProject
Global
	GlobalSection(SolutionConfigurationPlatforms) = preSolution
		Debug|Any CPU = Debug|Any CPU
		Release|Any CPU = Release|Any CPU
	EndGlobalSection
	GlobalSection(ProjectConfigurationPlatforms) = postSolution
		{F72D2C43-2EC5-4887-8D27-E860A4E7C87C}.Debug|Any CPU.ActiveCfg = Debug|Any CPU
		{F72D2C43-2EC5-4887-8D27-E860A4E7C87C}.Debug|Any CPU.Build.0 = Debug|Any CPU
		{F72D2C43-2EC5-4887-8D27-E860A4E7C87C}.Release|Any CPU.ActiveCfg = Release|Any CPU
		{F72D2C43-2EC5-4887-8D27-E860A4E7C87C}.Release|Any CPU.Build.0 = Release|Any CPU
		{CA0F566D-71DE-4039-82E4-957B1AB0C943}.Debug|Any CPU.ActiveCfg = Debug|Any CPU
		{CA0F566D-71DE-4039-82E4-957B1AB0C943}.Debug|Any CPU.Build.0 = Debug|Any CPU
		{CA0F566D-71DE-4039-82E4-957B1AB0C943}.Release|Any CPU.ActiveCfg = Release|Any CPU
		{CA0F566D-71DE-4039-82E4-957B1AB0C943}.Release|Any CPU.Build.0 = Release|Any CPU
		{1066A59B-D236-48EE-9FFB-95C2872B49E1}.Debug|Any CPU.ActiveCfg = Debug|Any CPU
		{1066A59B-D236-48EE-9FFB-95C2872B49E1}.Debug|Any CPU.Build.0 = Debug|Any CPU
		{1066A59B-D236-48EE-9FFB-95C2872B49E1}.Release|Any CPU.ActiveCfg = Release|Any CPU
		{1066A59B-D236-48EE-9FFB-95C2872B49E1}.Release|Any CPU.Build.0 = Release|Any CPU
		{B3B98CE5-AD58-4AB4-A687-CD39A368F463}.Debug|Any CPU.ActiveCfg = Debug|Any CPU
		{B3B98CE5-AD58-4AB4-A687-CD39A368F463}.Debug|Any CPU.Build.0 = Debug|Any CPU
		{B3B98CE5-AD58-4AB4-A687-CD39A368F463}.Release|Any CPU.ActiveCfg = Release|Any CPU
		{B3B98CE5-AD58-4AB4-A687-CD39A368F463}.Release|Any CPU.Build.0 = Release|Any CPU
	EndGlobalSection
	GlobalSection(SolutionProperties) = preSolution
		HideSolutionNode = FALSE
	EndGlobalSection
	GlobalSection(ExtensibilityGlobals) = postSolution
		SolutionGuid = {87B0C266-65A6-4683-A31E-AAA269EF4667}
	EndGlobalSection
EndGlobal
