
Microsoft Visual Studio Solution File, Format Version 12.00
# Visual Studio Version 17
VisualStudioVersion = 17.9.34701.34
MinimumVisualStudioVersion = 10.0.40219.1
Project("{9A19103F-16F7-4668-BE54-9A1E7A4F7556}") = "SpeechRecognitionWPF", "SpeechRecognitionWPF\SpeechRecognitionWPF.csproj", "{DFCC01AC-4BA3-458B-8024-6988880105EF}"
EndProject
Project("{9A19103F-16F7-4668-BE54-9A1E7A4F7556}") = "Biosero.TeachPendant.Common", ".\TeachPendant.Common\Biosero.TeachPendant.Common.csproj", "{97DEDA70-E340-43A4-B583-BE7AD55B3CEC}"
EndProject
Global
	GlobalSection(SolutionConfigurationPlatforms) = preSolution
		Debug|Any CPU = Debug|Any CPU
		Release|Any CPU = Release|Any CPU
	EndGlobalSection
	GlobalSection(ProjectConfigurationPlatforms) = postSolution
		{DFCC01AC-4BA3-458B-8024-6988880105EF}.Debug|Any CPU.ActiveCfg = Debug|Any CPU
		{DFCC01AC-4BA3-458B-8024-6988880105EF}.Debug|Any CPU.Build.0 = Debug|Any CPU
		{DFCC01AC-4BA3-458B-8024-6988880105EF}.Release|Any CPU.ActiveCfg = Release|Any CPU
		{DFCC01AC-4BA3-458B-8024-6988880105EF}.Release|Any CPU.Build.0 = Release|Any CPU
		{97DEDA70-E340-43A4-B583-BE7AD55B3CEC}.Debug|Any CPU.ActiveCfg = Debug|Any CPU
		{97DEDA70-E340-43A4-B583-BE7AD55B3CEC}.Debug|Any CPU.Build.0 = Debug|Any CPU
		{97DEDA70-E340-43A4-B583-BE7AD55B3CEC}.Release|Any CPU.ActiveCfg = Release|Any CPU
		{97DEDA70-E340-43A4-B583-BE7AD55B3CEC}.Release|Any CPU.Build.0 = Release|Any CPU
	EndGlobalSection
	GlobalSection(SolutionProperties) = preSolution
		HideSolutionNode = FALSE
	EndGlobalSection
	GlobalSection(ExtensibilityGlobals) = postSolution
		SolutionGuid = {CD075237-D599-473B-9879-F31EE74DD394}
	EndGlobalSection
EndGlobal
